PODS:
  - Cordova (4.5.4)
  - Flutter (1.0.0)
  - ionicAppOne (0.0.9):
    - Cordova (= 4.5.4)

DEPENDENCIES:
  - Flutter (from `Flutter`)
  - ionicAppOne (~> 0.0.9)

SPEC REPOS:
  "git@github.com:freirezinho/flutter-ionic-poc-specs.git":
    - ionicAppOne
  https://github.com/CocoaPods/Specs.git:
    - Cordova

EXTERNAL SOURCES:
  Flutter:
    :path: Flutter

SPEC CHECKSUMS:
  Cordova: 90a337977b8667a80483f559268c82062b1183da
  Flutter: 0e3d915762c693b495b44d77113d4970485de6ec
  ionicAppOne: 316168ac68b96658f344b1f6fb0d50e3060cc622

PODFILE CHECKSUM: 27418bfec385a1110cb800d4f18957781378403e

COCOAPODS: 1.10.1
